
Microsoft Visual Studio Solution File, Format Version 12.00
# Visual Studio 15
VisualStudioVersion = 15.0.26228.9
MinimumVisualStudioVersion = 10.0.40219.1
Project("{FAE04EC0-301F-11D3-BF4B-00C04F79EFBC}") = "CleanArchitecture.Domain", "CleanArchitecture.Domain\CleanArchitecture.Domain.csproj", "{81670CF1-D144-470C-8623-97356C928CBE}"
EndProject
Project("{FAE04EC0-301F-11D3-BF4B-00C04F79EFBC}") = "CleanArchitecture.Web", "CleanArchitecture.Web\CleanArchitecture.Web.csproj", "{9B55ABE3-FFEF-4D09-B850-4E4A2608F63E}"
EndProject
Global
	GlobalSection(SolutionConfigurationPlatforms) = preSolution
		Debug|Any CPU = Debug|Any CPU
		Release|Any CPU = Release|Any CPU
	EndGlobalSection
	GlobalSection(ProjectConfigurationPlatforms) = postSolution
		{81670CF1-D144-470C-8623-97356C928CBE}.Debug|Any CPU.ActiveCfg = Debug|Any CPU
		{81670CF1-D144-470C-8623-97356C928CBE}.Debug|Any CPU.Build.0 = Debug|Any CPU
		{81670CF1-D144-470C-8623-97356C928CBE}.Release|Any CPU.ActiveCfg = Release|Any CPU
		{81670CF1-D144-470C-8623-97356C928CBE}.Release|Any CPU.Build.0 = Release|Any CPU
		{9B55ABE3-FFEF-4D09-B850-4E4A2608F63E}.Debug|Any CPU.ActiveCfg = Debug|Any CPU
		{9B55ABE3-FFEF-4D09-B850-4E4A2608F63E}.Debug|Any CPU.Build.0 = Debug|Any CPU
		{9B55ABE3-FFEF-4D09-B850-4E4A2608F63E}.Release|Any CPU.ActiveCfg = Release|Any CPU
		{9B55ABE3-FFEF-4D09-B850-4E4A2608F63E}.Release|Any CPU.Build.0 = Release|Any CPU
	EndGlobalSection
	GlobalSection(SolutionProperties) = preSolution
		HideSolutionNode = FALSE
	EndGlobalSection
EndGlobal
